
Microsoft Visual Studio Solution File, Format Version 12.00
# Visual Studio Version 16
VisualStudioVersion = 16.0.810.14
MinimumVisualStudioVersion = 10.0.40219.1
Project("{FAE04EC0-301F-11D3-BF4B-00C04F79EFBC}") = "TestGitAction", "TestGitAction\TestGitAction.csproj", "{FC6267BD-14AE-4D1F-A519-21C68D7E2C65}"
EndProject
Global
	GlobalSection(SolutionConfigurationPlatforms) = preSolution
		Debug|iPhoneSimulator = Debug|iPhoneSimulator
		Release|iPhoneSimulator = Release|iPhoneSimulator
		Debug|iPhone = Debug|iPhone
		Release|iPhone = Release|iPhone
	EndGlobalSection
	GlobalSection(ProjectConfigurationPlatforms) = postSolution
		{FC6267BD-14AE-4D1F-A519-21C68D7E2C65}.Debug|iPhoneSimulator.ActiveCfg = Debug|iPhoneSimulator
		{FC6267BD-14AE-4D1F-A519-21C68D7E2C65}.Debug|iPhoneSimulator.Build.0 = Debug|iPhoneSimulator
		{FC6267BD-14AE-4D1F-A519-21C68D7E2C65}.Release|iPhoneSimulator.ActiveCfg = Release|iPhoneSimulator
		{FC6267BD-14AE-4D1F-A519-21C68D7E2C65}.Release|iPhoneSimulator.Build.0 = Release|iPhoneSimulator
		{FC6267BD-14AE-4D1F-A519-21C68D7E2C65}.Debug|iPhone.ActiveCfg = Debug|iPhone
		{FC6267BD-14AE-4D1F-A519-21C68D7E2C65}.Debug|iPhone.Build.0 = Debug|iPhone
		{FC6267BD-14AE-4D1F-A519-21C68D7E2C65}.Release|iPhone.ActiveCfg = Release|iPhone
		{FC6267BD-14AE-4D1F-A519-21C68D7E2C65}.Release|iPhone.Build.0 = Release|iPhone
	EndGlobalSection
	GlobalSection(SolutionProperties) = preSolution
		HideSolutionNode = FALSE
	EndGlobalSection
	GlobalSection(ExtensibilityGlobals) = postSolution
		SolutionGuid = {0F77DC4F-BD18-4E65-985A-2CF43302069F}
	EndGlobalSection
EndGlobal
